{
  "name": "nodetest-ajs",
  "version": "1.0.0",
  "lockfileVersion": 2,
  "requires": true,
  "packages": {
    "": {
      "name": "nodetest-ajs",
      "version": "1.0.0",
      "license": "ISC",
      "dependencies": {
        "@requex22/ajs": "^1.0.0"
      }
    },
    "node_modules/@requex22/ajs": {
      "version": "1.0.0",
      "resolved": "https://npm.pkg.github.com/download/@requex22/ajs/1.0.0/462c95937d129a0738a95a17140d1c512ea9944b",
      "integrity": "sha512-u5Ti/l0hZTnqWa9elR3Qru7wY3dZVBeghBZ5QztwSCQFyQ6cCf0EWt2eyewK1dPY1nnY/5s7t6Xf9mJC8OHvqw==",
      "license": "ISC"
    }
  },
  "dependencies": {
    "@requex22/ajs": {
      "version": "1.0.0",
      "resolved": "https://npm.pkg.github.com/download/@requex22/ajs/1.0.0/462c95937d129a0738a95a17140d1c512ea9944b",
      "integrity": "sha512-u5Ti/l0hZTnqWa9elR3Qru7wY3dZVBeghBZ5QztwSCQFyQ6cCf0EWt2eyewK1dPY1nnY/5s7t6Xf9mJC8OHvqw=="
    }
  }
}
